
Microsoft Visual Studio Solution File, Format Version 12.00
# Visual Studio 15
VisualStudioVersion = 15.0.28307.136
MinimumVisualStudioVersion = 10.0.40219.1
Project("{2150E333-8FDC-42A3-9474-1A3956D46DE8}") = "Docs", "Docs", "{E98FBFBB-A28C-4675-A074-A75BC146C58E}"
	ProjectSection(SolutionItems) = preProject
		Credits.txt = Credits.txt
		IntegrationEvents task outline.txt = IntegrationEvents task outline.txt
	EndProjectSection
EndProject
Project("{2150E333-8FDC-42A3-9474-1A3956D46DE8}") = "Src", "Src", "{A0A8F723-6C2E-44D2-9E72-FBD0B243B51F}"
EndProject
Project("{9A19103F-16F7-4668-BE54-9A1E7A4F7556}") = "SSar.Presentation.WebUI", "SSar.Presentation.WebUI\SSar.Presentation.WebUI.csproj", "{F544E3B0-8E87-4729-A4F5-BF31EB78E143}"
EndProject
Project("{9A19103F-16F7-4668-BE54-9A1E7A4F7556}") = "SSar.Contexts.Membership.UnitTests", "SSar.Contexts.Membership.UnitTests\SSar.Contexts.Membership.UnitTests.csproj", "{B7CFEE79-1458-4496-AF90-0C62393B98EE}"
EndProject
Project("{9A19103F-16F7-4668-BE54-9A1E7A4F7556}") = "SSar.Contexts.Common.UnitTests", "SSar.Contexts.Common.UnitTests\SSar.Contexts.Common.UnitTests.csproj", "{8ABF812B-07F7-43B3-BE5D-79E0F1A98750}"
EndProject
Project("{9A19103F-16F7-4668-BE54-9A1E7A4F7556}") = "SSar.IntegrationTests", "SSar.IntegrationTests\SSar.IntegrationTests.csproj", "{ED123741-577D-4A75-8D0B-C58866CAE7E7}"
EndProject
Project("{2150E333-8FDC-42A3-9474-1A3956D46DE8}") = "Tests", "Tests", "{AFC38F52-CFAB-4961-BAC7-26EE715567CB}"
	ProjectSection(SolutionItems) = preProject
		ReadMe - Testing.txt = ReadMe - Testing.txt
	EndProjectSection
EndProject
Project("{9A19103F-16F7-4668-BE54-9A1E7A4F7556}") = "SSar.Contexts.Identity.UnitTests", "SSar.Contexts.Identity.UnitTests\SSar.Contexts.Identity.UnitTests.csproj", "{DC54F8A3-54F1-48CF-9DF8-0A2DA5759158}"
EndProject
Project("{9A19103F-16F7-4668-BE54-9A1E7A4F7556}") = "SSar.Domain", "SSar.Domain\SSar.Domain.csproj", "{ECAAF21A-CBDA-4DD2-9D49-4FD19CE2955B}"
EndProject
Project("{9A19103F-16F7-4668-BE54-9A1E7A4F7556}") = "SSar.Data", "SSar.Data\SSar.Data.csproj", "{2E2A7EE1-AA3F-4F57-8F6C-B7AA11EC1C40}"
EndProject
Project("{9A19103F-16F7-4668-BE54-9A1E7A4F7556}") = "SSar.Application", "SSar.Application\SSar.Application.csproj", "{9C526075-5D2B-4225-948C-8DAFACD8F5C5}"
EndProject
Project("{9A19103F-16F7-4668-BE54-9A1E7A4F7556}") = "SSar.Infrastructure", "SSar.Infrastructure\SSar.Infrastructure.csproj", "{7D6019F5-3DB1-4B98-B950-C38889B5EB5D}"
EndProject
Project("{9A19103F-16F7-4668-BE54-9A1E7A4F7556}") = "SSar.Infrastructure.UnitTests", "SSar.Infrastructure.UnitTests\SSar.Infrastructure.UnitTests.csproj", "{AA0E0395-3837-47E0-8DA1-B3533B1C1BBB}"
EndProject
Project("{9A19103F-16F7-4668-BE54-9A1E7A4F7556}") = "SSar.Data.UnitTests", "SSar.Data.UnitTests\SSar.Data.UnitTests.csproj", "{B77AFE7D-1F85-4A6C-AECA-EF9394A30C3B}"
EndProject
Project("{FAE04EC0-301F-11D3-BF4B-00C04F79EFBC}") = "SSar.Application.UnitTests", "SSar.Application.UnitTests\SSar.Application.UnitTests.csproj", "{B685D728-F1DE-4382-BF74-5F4000B1C907}"
EndProject
Global
	GlobalSection(SolutionConfigurationPlatforms) = preSolution
		Debug|Any CPU = Debug|Any CPU
		Release|Any CPU = Release|Any CPU
	EndGlobalSection
	GlobalSection(ProjectConfigurationPlatforms) = postSolution
		{F544E3B0-8E87-4729-A4F5-BF31EB78E143}.Debug|Any CPU.ActiveCfg = Debug|Any CPU
		{F544E3B0-8E87-4729-A4F5-BF31EB78E143}.Debug|Any CPU.Build.0 = Debug|Any CPU
		{F544E3B0-8E87-4729-A4F5-BF31EB78E143}.Release|Any CPU.ActiveCfg = Release|Any CPU
		{F544E3B0-8E87-4729-A4F5-BF31EB78E143}.Release|Any CPU.Build.0 = Release|Any CPU
		{B7CFEE79-1458-4496-AF90-0C62393B98EE}.Debug|Any CPU.ActiveCfg = Debug|Any CPU
		{B7CFEE79-1458-4496-AF90-0C62393B98EE}.Debug|Any CPU.Build.0 = Debug|Any CPU
		{B7CFEE79-1458-4496-AF90-0C62393B98EE}.Release|Any CPU.ActiveCfg = Release|Any CPU
		{B7CFEE79-1458-4496-AF90-0C62393B98EE}.Release|Any CPU.Build.0 = Release|Any CPU
		{8ABF812B-07F7-43B3-BE5D-79E0F1A98750}.Debug|Any CPU.ActiveCfg = Debug|Any CPU
		{8ABF812B-07F7-43B3-BE5D-79E0F1A98750}.Debug|Any CPU.Build.0 = Debug|Any CPU
		{8ABF812B-07F7-43B3-BE5D-79E0F1A98750}.Release|Any CPU.ActiveCfg = Release|Any CPU
		{8ABF812B-07F7-43B3-BE5D-79E0F1A98750}.Release|Any CPU.Build.0 = Release|Any CPU
		{ED123741-577D-4A75-8D0B-C58866CAE7E7}.Debug|Any CPU.ActiveCfg = Debug|Any CPU
		{ED123741-577D-4A75-8D0B-C58866CAE7E7}.Debug|Any CPU.Build.0 = Debug|Any CPU
		{ED123741-577D-4A75-8D0B-C58866CAE7E7}.Release|Any CPU.ActiveCfg = Release|Any CPU
		{ED123741-577D-4A75-8D0B-C58866CAE7E7}.Release|Any CPU.Build.0 = Release|Any CPU
		{DC54F8A3-54F1-48CF-9DF8-0A2DA5759158}.Debug|Any CPU.ActiveCfg = Debug|Any CPU
		{DC54F8A3-54F1-48CF-9DF8-0A2DA5759158}.Debug|Any CPU.Build.0 = Debug|Any CPU
		{DC54F8A3-54F1-48CF-9DF8-0A2DA5759158}.Release|Any CPU.ActiveCfg = Release|Any CPU
		{DC54F8A3-54F1-48CF-9DF8-0A2DA5759158}.Release|Any CPU.Build.0 = Release|Any CPU
		{ECAAF21A-CBDA-4DD2-9D49-4FD19CE2955B}.Debug|Any CPU.ActiveCfg = Debug|Any CPU
		{ECAAF21A-CBDA-4DD2-9D49-4FD19CE2955B}.Debug|Any CPU.Build.0 = Debug|Any CPU
		{ECAAF21A-CBDA-4DD2-9D49-4FD19CE2955B}.Release|Any CPU.ActiveCfg = Release|Any CPU
		{ECAAF21A-CBDA-4DD2-9D49-4FD19CE2955B}.Release|Any CPU.Build.0 = Release|Any CPU
		{2E2A7EE1-AA3F-4F57-8F6C-B7AA11EC1C40}.Debug|Any CPU.ActiveCfg = Debug|Any CPU
		{2E2A7EE1-AA3F-4F57-8F6C-B7AA11EC1C40}.Debug|Any CPU.Build.0 = Debug|Any CPU
		{2E2A7EE1-AA3F-4F57-8F6C-B7AA11EC1C40}.Release|Any CPU.ActiveCfg = Release|Any CPU
		{2E2A7EE1-AA3F-4F57-8F6C-B7AA11EC1C40}.Release|Any CPU.Build.0 = Release|Any CPU
		{9C526075-5D2B-4225-948C-8DAFACD8F5C5}.Debug|Any CPU.ActiveCfg = Debug|Any CPU
		{9C526075-5D2B-4225-948C-8DAFACD8F5C5}.Debug|Any CPU.Build.0 = Debug|Any CPU
		{9C526075-5D2B-4225-948C-8DAFACD8F5C5}.Release|Any CPU.ActiveCfg = Release|Any CPU
		{9C526075-5D2B-4225-948C-8DAFACD8F5C5}.Release|Any CPU.Build.0 = Release|Any CPU
		{7D6019F5-3DB1-4B98-B950-C38889B5EB5D}.Debug|Any CPU.ActiveCfg = Debug|Any CPU
		{7D6019F5-3DB1-4B98-B950-C38889B5EB5D}.Debug|Any CPU.Build.0 = Debug|Any CPU
		{7D6019F5-3DB1-4B98-B950-C38889B5EB5D}.Release|Any CPU.ActiveCfg = Release|Any CPU
		{7D6019F5-3DB1-4B98-B950-C38889B5EB5D}.Release|Any CPU.Build.0 = Release|Any CPU
		{AA0E0395-3837-47E0-8DA1-B3533B1C1BBB}.Debug|Any CPU.ActiveCfg = Debug|Any CPU
		{AA0E0395-3837-47E0-8DA1-B3533B1C1BBB}.Debug|Any CPU.Build.0 = Debug|Any CPU
		{AA0E0395-3837-47E0-8DA1-B3533B1C1BBB}.Release|Any CPU.ActiveCfg = Release|Any CPU
		{AA0E0395-3837-47E0-8DA1-B3533B1C1BBB}.Release|Any CPU.Build.0 = Release|Any CPU
		{B77AFE7D-1F85-4A6C-AECA-EF9394A30C3B}.Debug|Any CPU.ActiveCfg = Debug|Any CPU
		{B77AFE7D-1F85-4A6C-AECA-EF9394A30C3B}.Debug|Any CPU.Build.0 = Debug|Any CPU
		{B77AFE7D-1F85-4A6C-AECA-EF9394A30C3B}.Release|Any CPU.ActiveCfg = Release|Any CPU
		{B77AFE7D-1F85-4A6C-AECA-EF9394A30C3B}.Release|Any CPU.Build.0 = Release|Any CPU
		{B685D728-F1DE-4382-BF74-5F4000B1C907}.Debug|Any CPU.ActiveCfg = Debug|Any CPU
		{B685D728-F1DE-4382-BF74-5F4000B1C907}.Debug|Any CPU.Build.0 = Debug|Any CPU
		{B685D728-F1DE-4382-BF74-5F4000B1C907}.Release|Any CPU.ActiveCfg = Release|Any CPU
		{B685D728-F1DE-4382-BF74-5F4000B1C907}.Release|Any CPU.Build.0 = Release|Any CPU
	EndGlobalSection
	GlobalSection(SolutionProperties) = preSolution
		HideSolutionNode = FALSE
	EndGlobalSection
	GlobalSection(NestedProjects) = preSolution
		{F544E3B0-8E87-4729-A4F5-BF31EB78E143} = {A0A8F723-6C2E-44D2-9E72-FBD0B243B51F}
		{B7CFEE79-1458-4496-AF90-0C62393B98EE} = {AFC38F52-CFAB-4961-BAC7-26EE715567CB}
		{8ABF812B-07F7-43B3-BE5D-79E0F1A98750} = {AFC38F52-CFAB-4961-BAC7-26EE715567CB}
		{ED123741-577D-4A75-8D0B-C58866CAE7E7} = {AFC38F52-CFAB-4961-BAC7-26EE715567CB}
		{DC54F8A3-54F1-48CF-9DF8-0A2DA5759158} = {AFC38F52-CFAB-4961-BAC7-26EE715567CB}
		{ECAAF21A-CBDA-4DD2-9D49-4FD19CE2955B} = {A0A8F723-6C2E-44D2-9E72-FBD0B243B51F}
		{2E2A7EE1-AA3F-4F57-8F6C-B7AA11EC1C40} = {A0A8F723-6C2E-44D2-9E72-FBD0B243B51F}
		{9C526075-5D2B-4225-948C-8DAFACD8F5C5} = {A0A8F723-6C2E-44D2-9E72-FBD0B243B51F}
		{7D6019F5-3DB1-4B98-B950-C38889B5EB5D} = {A0A8F723-6C2E-44D2-9E72-FBD0B243B51F}
		{AA0E0395-3837-47E0-8DA1-B3533B1C1BBB} = {AFC38F52-CFAB-4961-BAC7-26EE715567CB}
		{B77AFE7D-1F85-4A6C-AECA-EF9394A30C3B} = {AFC38F52-CFAB-4961-BAC7-26EE715567CB}
		{B685D728-F1DE-4382-BF74-5F4000B1C907} = {AFC38F52-CFAB-4961-BAC7-26EE715567CB}
	EndGlobalSection
	GlobalSection(ExtensibilityGlobals) = postSolution
		SolutionGuid = {7AF3E6B0-4BA5-4899-96A0-520BF7B59FEC}
	EndGlobalSection
EndGlobal
