
Microsoft Visual Studio Solution File, Format Version 12.00
# Visual Studio 15
VisualStudioVersion = 15.0.28307.136
MinimumVisualStudioVersion = 10.0.40219.1
Project("{2150E333-8FDC-42A3-9474-1A3956D46DE8}") = "Docs", "Docs", "{E98FBFBB-A28C-4675-A074-A75BC146C58E}"
	ProjectSection(SolutionItems) = preProject
		Architectural Overview.txt = Architectural Overview.txt
		Credits.txt = Credits.txt
		Known code smells.txt = Known code smells.txt
	EndProjectSection
EndProject
Project("{2150E333-8FDC-42A3-9474-1A3956D46DE8}") = "Src", "Src", "{A0A8F723-6C2E-44D2-9E72-FBD0B243B51F}"
EndProject
Project("{9A19103F-16F7-4668-BE54-9A1E7A4F7556}") = "SSar.Presentation.WebUI", "SSar.Presentation.WebUI\SSar.Presentation.WebUI.csproj", "{F544E3B0-8E87-4729-A4F5-BF31EB78E143}"
EndProject
Project("{9A19103F-16F7-4668-BE54-9A1E7A4F7556}") = "SSar.IntegrationTests", "SSar.IntegrationTests\SSar.IntegrationTests.csproj", "{ED123741-577D-4A75-8D0B-C58866CAE7E7}"
EndProject
Project("{2150E333-8FDC-42A3-9474-1A3956D46DE8}") = "Tests", "Tests", "{AFC38F52-CFAB-4961-BAC7-26EE715567CB}"
	ProjectSection(SolutionItems) = preProject
		ReadMe - Testing.txt = ReadMe - Testing.txt
	EndProjectSection
EndProject
Project("{9A19103F-16F7-4668-BE54-9A1E7A4F7556}") = "SSar.Infrastructure", "SSar.Infrastructure\SSar.Infrastructure.csproj", "{7D6019F5-3DB1-4B98-B950-C38889B5EB5D}"
EndProject
Project("{9A19103F-16F7-4668-BE54-9A1E7A4F7556}") = "SSar.UnitTests", "SSar.UnitTests\SSar.UnitTests.csproj", "{A26E3B38-ECA2-4CCC-AECC-3122F1EEAD7D}"
EndProject
Project("{2150E333-8FDC-42A3-9474-1A3956D46DE8}") = "BoundedContexts", "BoundedContexts", "{FDBB44DF-5B92-443B-996D-E1C3AD3B754F}"
EndProject
Project("{9A19103F-16F7-4668-BE54-9A1E7A4F7556}") = "SSar.Contexts.IdentityAccess.Application", "SSar.Contexts.IdentityAuth.Application\SSar.Contexts.IdentityAccess.Application.csproj", "{26F30951-1B0C-484A-A512-7DD0ADD7CC93}"
EndProject
Project("{9A19103F-16F7-4668-BE54-9A1E7A4F7556}") = "SSar.Contexts.Common", "SSar.Contexts.Common\SSar.Contexts.Common.csproj", "{B460A83C-6F28-4AAF-9CCB-A15BD10B0EC6}"
EndProject
Project("{9A19103F-16F7-4668-BE54-9A1E7A4F7556}") = "SSar.Contexts.IdentityAccess.Domain", "SSar.Contexts.IdentityAuth.Domain\SSar.Contexts.IdentityAccess.Domain.csproj", "{EFF40AA7-DB29-46A4-8354-EAF86B5DCC89}"
EndProject
Project("{9A19103F-16F7-4668-BE54-9A1E7A4F7556}") = "SSar.Contexts.Membership.Application", "SSar.Contexts.Membership.Application\SSar.Contexts.Membership.Application.csproj", "{F207008D-871C-4BD8-BEB9-CCA88B935985}"
EndProject
Project("{9A19103F-16F7-4668-BE54-9A1E7A4F7556}") = "SSar.Contexts.Common.Data", "SSar.Contexts.Common.Data\SSar.Contexts.Common.Data.csproj", "{899DA5FE-418D-4994-9D5C-B90A2B0793D0}"
EndProject
Project("{9A19103F-16F7-4668-BE54-9A1E7A4F7556}") = "SSar.Contexts.Membership.Domain", "SSar.Contexts.Membership.Domain\SSar.Contexts.Membership.Domain.csproj", "{1DD5D221-3FCE-4217-B75F-A4BCC35758A0}"
EndProject
Global
	GlobalSection(SolutionConfigurationPlatforms) = preSolution
		Debug|Any CPU = Debug|Any CPU
		Release|Any CPU = Release|Any CPU
	EndGlobalSection
	GlobalSection(ProjectConfigurationPlatforms) = postSolution
		{F544E3B0-8E87-4729-A4F5-BF31EB78E143}.Debug|Any CPU.ActiveCfg = Debug|Any CPU
		{F544E3B0-8E87-4729-A4F5-BF31EB78E143}.Debug|Any CPU.Build.0 = Debug|Any CPU
		{F544E3B0-8E87-4729-A4F5-BF31EB78E143}.Release|Any CPU.ActiveCfg = Release|Any CPU
		{F544E3B0-8E87-4729-A4F5-BF31EB78E143}.Release|Any CPU.Build.0 = Release|Any CPU
		{ED123741-577D-4A75-8D0B-C58866CAE7E7}.Debug|Any CPU.ActiveCfg = Debug|Any CPU
		{ED123741-577D-4A75-8D0B-C58866CAE7E7}.Debug|Any CPU.Build.0 = Debug|Any CPU
		{ED123741-577D-4A75-8D0B-C58866CAE7E7}.Release|Any CPU.ActiveCfg = Release|Any CPU
		{ED123741-577D-4A75-8D0B-C58866CAE7E7}.Release|Any CPU.Build.0 = Release|Any CPU
		{7D6019F5-3DB1-4B98-B950-C38889B5EB5D}.Debug|Any CPU.ActiveCfg = Debug|Any CPU
		{7D6019F5-3DB1-4B98-B950-C38889B5EB5D}.Debug|Any CPU.Build.0 = Debug|Any CPU
		{7D6019F5-3DB1-4B98-B950-C38889B5EB5D}.Release|Any CPU.ActiveCfg = Release|Any CPU
		{7D6019F5-3DB1-4B98-B950-C38889B5EB5D}.Release|Any CPU.Build.0 = Release|Any CPU
		{A26E3B38-ECA2-4CCC-AECC-3122F1EEAD7D}.Debug|Any CPU.ActiveCfg = Debug|Any CPU
		{A26E3B38-ECA2-4CCC-AECC-3122F1EEAD7D}.Debug|Any CPU.Build.0 = Debug|Any CPU
		{A26E3B38-ECA2-4CCC-AECC-3122F1EEAD7D}.Release|Any CPU.ActiveCfg = Release|Any CPU
		{A26E3B38-ECA2-4CCC-AECC-3122F1EEAD7D}.Release|Any CPU.Build.0 = Release|Any CPU
		{26F30951-1B0C-484A-A512-7DD0ADD7CC93}.Debug|Any CPU.ActiveCfg = Debug|Any CPU
		{26F30951-1B0C-484A-A512-7DD0ADD7CC93}.Debug|Any CPU.Build.0 = Debug|Any CPU
		{26F30951-1B0C-484A-A512-7DD0ADD7CC93}.Release|Any CPU.ActiveCfg = Release|Any CPU
		{26F30951-1B0C-484A-A512-7DD0ADD7CC93}.Release|Any CPU.Build.0 = Release|Any CPU
		{B460A83C-6F28-4AAF-9CCB-A15BD10B0EC6}.Debug|Any CPU.ActiveCfg = Debug|Any CPU
		{B460A83C-6F28-4AAF-9CCB-A15BD10B0EC6}.Debug|Any CPU.Build.0 = Debug|Any CPU
		{B460A83C-6F28-4AAF-9CCB-A15BD10B0EC6}.Release|Any CPU.ActiveCfg = Release|Any CPU
		{B460A83C-6F28-4AAF-9CCB-A15BD10B0EC6}.Release|Any CPU.Build.0 = Release|Any CPU
		{EFF40AA7-DB29-46A4-8354-EAF86B5DCC89}.Debug|Any CPU.ActiveCfg = Debug|Any CPU
		{EFF40AA7-DB29-46A4-8354-EAF86B5DCC89}.Debug|Any CPU.Build.0 = Debug|Any CPU
		{EFF40AA7-DB29-46A4-8354-EAF86B5DCC89}.Release|Any CPU.ActiveCfg = Release|Any CPU
		{EFF40AA7-DB29-46A4-8354-EAF86B5DCC89}.Release|Any CPU.Build.0 = Release|Any CPU
		{F207008D-871C-4BD8-BEB9-CCA88B935985}.Debug|Any CPU.ActiveCfg = Debug|Any CPU
		{F207008D-871C-4BD8-BEB9-CCA88B935985}.Debug|Any CPU.Build.0 = Debug|Any CPU
		{F207008D-871C-4BD8-BEB9-CCA88B935985}.Release|Any CPU.ActiveCfg = Release|Any CPU
		{F207008D-871C-4BD8-BEB9-CCA88B935985}.Release|Any CPU.Build.0 = Release|Any CPU
		{899DA5FE-418D-4994-9D5C-B90A2B0793D0}.Debug|Any CPU.ActiveCfg = Debug|Any CPU
		{899DA5FE-418D-4994-9D5C-B90A2B0793D0}.Debug|Any CPU.Build.0 = Debug|Any CPU
		{899DA5FE-418D-4994-9D5C-B90A2B0793D0}.Release|Any CPU.ActiveCfg = Release|Any CPU
		{899DA5FE-418D-4994-9D5C-B90A2B0793D0}.Release|Any CPU.Build.0 = Release|Any CPU
		{1DD5D221-3FCE-4217-B75F-A4BCC35758A0}.Debug|Any CPU.ActiveCfg = Debug|Any CPU
		{1DD5D221-3FCE-4217-B75F-A4BCC35758A0}.Debug|Any CPU.Build.0 = Debug|Any CPU
		{1DD5D221-3FCE-4217-B75F-A4BCC35758A0}.Release|Any CPU.ActiveCfg = Release|Any CPU
		{1DD5D221-3FCE-4217-B75F-A4BCC35758A0}.Release|Any CPU.Build.0 = Release|Any CPU
	EndGlobalSection
	GlobalSection(SolutionProperties) = preSolution
		HideSolutionNode = FALSE
	EndGlobalSection
	GlobalSection(NestedProjects) = preSolution
		{F544E3B0-8E87-4729-A4F5-BF31EB78E143} = {A0A8F723-6C2E-44D2-9E72-FBD0B243B51F}
		{ED123741-577D-4A75-8D0B-C58866CAE7E7} = {AFC38F52-CFAB-4961-BAC7-26EE715567CB}
		{7D6019F5-3DB1-4B98-B950-C38889B5EB5D} = {A0A8F723-6C2E-44D2-9E72-FBD0B243B51F}
		{A26E3B38-ECA2-4CCC-AECC-3122F1EEAD7D} = {AFC38F52-CFAB-4961-BAC7-26EE715567CB}
		{FDBB44DF-5B92-443B-996D-E1C3AD3B754F} = {A0A8F723-6C2E-44D2-9E72-FBD0B243B51F}
		{26F30951-1B0C-484A-A512-7DD0ADD7CC93} = {FDBB44DF-5B92-443B-996D-E1C3AD3B754F}
		{B460A83C-6F28-4AAF-9CCB-A15BD10B0EC6} = {FDBB44DF-5B92-443B-996D-E1C3AD3B754F}
		{EFF40AA7-DB29-46A4-8354-EAF86B5DCC89} = {FDBB44DF-5B92-443B-996D-E1C3AD3B754F}
		{F207008D-871C-4BD8-BEB9-CCA88B935985} = {FDBB44DF-5B92-443B-996D-E1C3AD3B754F}
		{899DA5FE-418D-4994-9D5C-B90A2B0793D0} = {FDBB44DF-5B92-443B-996D-E1C3AD3B754F}
		{1DD5D221-3FCE-4217-B75F-A4BCC35758A0} = {FDBB44DF-5B92-443B-996D-E1C3AD3B754F}
	EndGlobalSection
	GlobalSection(ExtensibilityGlobals) = postSolution
		SolutionGuid = {7AF3E6B0-4BA5-4899-96A0-520BF7B59FEC}
	EndGlobalSection
EndGlobal
