
Microsoft Visual Studio Solution File, Format Version 12.00
# Visual Studio 15
VisualStudioVersion = 15.0.28307.136
MinimumVisualStudioVersion = 10.0.40219.1
Project("{2150E333-8FDC-42A3-9474-1A3956D46DE8}") = "docs", "docs", "{E98FBFBB-A28C-4675-A074-A75BC146C58E}"
EndProject
Project("{2150E333-8FDC-42A3-9474-1A3956D46DE8}") = "src", "src", "{A0A8F723-6C2E-44D2-9E72-FBD0B243B51F}"
EndProject
Project("{2150E333-8FDC-42A3-9474-1A3956D46DE8}") = "BoundedContexts", "BoundedContexts", "{C3539173-CEE9-49DD-9B1D-8ECD208FDDA0}"
EndProject
Project("{2150E333-8FDC-42A3-9474-1A3956D46DE8}") = "Identity", "Identity", "{F52EAE0F-820E-41DC-ADCF-B5D16DB80C75}"
EndProject
Project("{2150E333-8FDC-42A3-9474-1A3956D46DE8}") = "Membership", "Membership", "{92D668F7-51B8-439F-A381-EF789138ADC2}"
EndProject
Project("{FAE04EC0-301F-11D3-BF4B-00C04F79EFBC}") = "Contexts.Common", "Contexts.Common\Contexts.Common.csproj", "{B526D1BD-43B3-40BF-9FC2-B47474D10291}"
EndProject
Project("{2150E333-8FDC-42A3-9474-1A3956D46DE8}") = "Presentation", "Presentation", "{EE508FF5-D568-4402-8EC3-97178B220753}"
EndProject
Project("{FAE04EC0-301F-11D3-BF4B-00C04F79EFBC}") = "Presentation.WebUI", "Presentation.WebUI\Presentation.WebUI.csproj", "{F544E3B0-8E87-4729-A4F5-BF31EB78E143}"
EndProject
Project("{2150E333-8FDC-42A3-9474-1A3956D46DE8}") = "Tests", "Tests", "{53F65963-C745-478B-B9F2-1C03523FE127}"
EndProject
Project("{2150E333-8FDC-42A3-9474-1A3956D46DE8}") = "Tests", "Tests", "{D94EE2C7-467D-4AF3-846D-CDD1F9DCA3F3}"
EndProject
Global
	GlobalSection(SolutionConfigurationPlatforms) = preSolution
		Debug|Any CPU = Debug|Any CPU
		Release|Any CPU = Release|Any CPU
	EndGlobalSection
	GlobalSection(ProjectConfigurationPlatforms) = postSolution
		{B526D1BD-43B3-40BF-9FC2-B47474D10291}.Debug|Any CPU.ActiveCfg = Debug|Any CPU
		{B526D1BD-43B3-40BF-9FC2-B47474D10291}.Debug|Any CPU.Build.0 = Debug|Any CPU
		{B526D1BD-43B3-40BF-9FC2-B47474D10291}.Release|Any CPU.ActiveCfg = Release|Any CPU
		{B526D1BD-43B3-40BF-9FC2-B47474D10291}.Release|Any CPU.Build.0 = Release|Any CPU
		{F544E3B0-8E87-4729-A4F5-BF31EB78E143}.Debug|Any CPU.ActiveCfg = Debug|Any CPU
		{F544E3B0-8E87-4729-A4F5-BF31EB78E143}.Debug|Any CPU.Build.0 = Debug|Any CPU
		{F544E3B0-8E87-4729-A4F5-BF31EB78E143}.Release|Any CPU.ActiveCfg = Release|Any CPU
		{F544E3B0-8E87-4729-A4F5-BF31EB78E143}.Release|Any CPU.Build.0 = Release|Any CPU
	EndGlobalSection
	GlobalSection(SolutionProperties) = preSolution
		HideSolutionNode = FALSE
	EndGlobalSection
	GlobalSection(NestedProjects) = preSolution
		{C3539173-CEE9-49DD-9B1D-8ECD208FDDA0} = {A0A8F723-6C2E-44D2-9E72-FBD0B243B51F}
		{F52EAE0F-820E-41DC-ADCF-B5D16DB80C75} = {C3539173-CEE9-49DD-9B1D-8ECD208FDDA0}
		{92D668F7-51B8-439F-A381-EF789138ADC2} = {C3539173-CEE9-49DD-9B1D-8ECD208FDDA0}
		{B526D1BD-43B3-40BF-9FC2-B47474D10291} = {C3539173-CEE9-49DD-9B1D-8ECD208FDDA0}
		{EE508FF5-D568-4402-8EC3-97178B220753} = {A0A8F723-6C2E-44D2-9E72-FBD0B243B51F}
		{F544E3B0-8E87-4729-A4F5-BF31EB78E143} = {EE508FF5-D568-4402-8EC3-97178B220753}
		{53F65963-C745-478B-B9F2-1C03523FE127} = {F52EAE0F-820E-41DC-ADCF-B5D16DB80C75}
		{D94EE2C7-467D-4AF3-846D-CDD1F9DCA3F3} = {92D668F7-51B8-439F-A381-EF789138ADC2}
	EndGlobalSection
	GlobalSection(ExtensibilityGlobals) = postSolution
		SolutionGuid = {7AF3E6B0-4BA5-4899-96A0-520BF7B59FEC}
	EndGlobalSection
EndGlobal
